
Microsoft Visual Studio Solution File, Format Version 12.00
# Visual Studio Version 16
VisualStudioVersion = 16.0.29911.84
MinimumVisualStudioVersion = 10.0.40219.1
Project("{8BC9CEB8-8B4A-11D0-8D11-00A0C91BC942}") = "12 谓词", "12 谓词.vcxproj", "{29394542-290E-4D0D-B037-CAC0F182FB12}"
EndProject
Global
	GlobalSection(SolutionConfigurationPlatforms) = preSolution
		Debug|x64 = Debug|x64
		Debug|x86 = Debug|x86
		Release|x64 = Release|x64
		Release|x86 = Release|x86
	EndGlobalSection
	GlobalSection(ProjectConfigurationPlatforms) = postSolution
		{29394542-290E-4D0D-B037-CAC0F182FB12}.Debug|x64.ActiveCfg = Debug|x64
		{29394542-290E-4D0D-B037-CAC0F182FB12}.Debug|x64.Build.0 = Debug|x64
		{29394542-290E-4D0D-B037-CAC0F182FB12}.Debug|x86.ActiveCfg = Debug|Win32
		{29394542-290E-4D0D-B037-CAC0F182FB12}.Debug|x86.Build.0 = Debug|Win32
		{29394542-290E-4D0D-B037-CAC0F182FB12}.Release|x64.ActiveCfg = Release|x64
		{29394542-290E-4D0D-B037-CAC0F182FB12}.Release|x64.Build.0 = Release|x64
		{29394542-290E-4D0D-B037-CAC0F182FB12}.Release|x86.ActiveCfg = Release|Win32
		{29394542-290E-4D0D-B037-CAC0F182FB12}.Release|x86.Build.0 = Release|Win32
	EndGlobalSection
	GlobalSection(SolutionProperties) = preSolution
		HideSolutionNode = FALSE
	EndGlobalSection
	GlobalSection(ExtensibilityGlobals) = postSolution
		SolutionGuid = {9377C393-932E-43AD-8560-630106C07C9A}
	EndGlobalSection
EndGlobal
